
Microsoft Visual Studio Solution File, Format Version 12.00
# Visual Studio Version 17
VisualStudioVersion = 17.9.34622.214
MinimumVisualStudioVersion = 10.0.40219.1
Project("{FAE04EC0-301F-11D3-BF4B-00C04F79EFBC}") = "maximum", "maximum.csproj", "{AD3E5D0B-D7F5-41D4-872A-E9B04BBD989A}"
EndProject
Global
	GlobalSection(SolutionConfigurationPlatforms) = preSolution
		Debug|Any CPU = Debug|Any CPU
		Release|Any CPU = Release|Any CPU
	EndGlobalSection
	GlobalSection(ProjectConfigurationPlatforms) = postSolution
		{AD3E5D0B-D7F5-41D4-872A-E9B04BBD989A}.Debug|Any CPU.ActiveCfg = Debug|Any CPU
		{AD3E5D0B-D7F5-41D4-872A-E9B04BBD989A}.Debug|Any CPU.Build.0 = Debug|Any CPU
		{AD3E5D0B-D7F5-41D4-872A-E9B04BBD989A}.Release|Any CPU.ActiveCfg = Release|Any CPU
		{AD3E5D0B-D7F5-41D4-872A-E9B04BBD989A}.Release|Any CPU.Build.0 = Release|Any CPU
	EndGlobalSection
	GlobalSection(SolutionProperties) = preSolution
		HideSolutionNode = FALSE
	EndGlobalSection
	GlobalSection(ExtensibilityGlobals) = postSolution
		SolutionGuid = {E539487C-FE8D-4308-AF5A-F6A4CFF11F9E}
	EndGlobalSection
EndGlobal
