
Microsoft Visual Studio Solution File, Format Version 12.00
# Visual Studio Version 17
VisualStudioVersion = 17.9.34622.214
MinimumVisualStudioVersion = 10.0.40219.1
Project("{FAE04EC0-301F-11D3-BF4B-00C04F79EFBC}") = "exosFilter", "exosFilter.csproj", "{15003D04-67F6-44D5-B8E0-8BF89D1C0804}"
EndProject
Global
	GlobalSection(SolutionConfigurationPlatforms) = preSolution
		Debug|Any CPU = Debug|Any CPU
		Release|Any CPU = Release|Any CPU
	EndGlobalSection
	GlobalSection(ProjectConfigurationPlatforms) = postSolution
		{15003D04-67F6-44D5-B8E0-8BF89D1C0804}.Debug|Any CPU.ActiveCfg = Debug|Any CPU
		{15003D04-67F6-44D5-B8E0-8BF89D1C0804}.Debug|Any CPU.Build.0 = Debug|Any CPU
		{15003D04-67F6-44D5-B8E0-8BF89D1C0804}.Release|Any CPU.ActiveCfg = Release|Any CPU
		{15003D04-67F6-44D5-B8E0-8BF89D1C0804}.Release|Any CPU.Build.0 = Release|Any CPU
	EndGlobalSection
	GlobalSection(SolutionProperties) = preSolution
		HideSolutionNode = FALSE
	EndGlobalSection
	GlobalSection(ExtensibilityGlobals) = postSolution
		SolutionGuid = {42D6E64B-4FFE-4BF4-AD01-58A7E3995241}
	EndGlobalSection
EndGlobal
