
Microsoft Visual Studio Solution File, Format Version 12.00
# Visual Studio Version 17
VisualStudioVersion = 17.9.34622.214
MinimumVisualStudioVersion = 10.0.40219.1
Project("{FAE04EC0-301F-11D3-BF4B-00C04F79EFBC}") = "exoCine", "exoCine.csproj", "{AC29EA9E-77CA-4CC7-B637-80DDDDC95F0B}"
EndProject
Global
	GlobalSection(SolutionConfigurationPlatforms) = preSolution
		Debug|Any CPU = Debug|Any CPU
		Release|Any CPU = Release|Any CPU
	EndGlobalSection
	GlobalSection(ProjectConfigurationPlatforms) = postSolution
		{AC29EA9E-77CA-4CC7-B637-80DDDDC95F0B}.Debug|Any CPU.ActiveCfg = Debug|Any CPU
		{AC29EA9E-77CA-4CC7-B637-80DDDDC95F0B}.Debug|Any CPU.Build.0 = Debug|Any CPU
		{AC29EA9E-77CA-4CC7-B637-80DDDDC95F0B}.Release|Any CPU.ActiveCfg = Release|Any CPU
		{AC29EA9E-77CA-4CC7-B637-80DDDDC95F0B}.Release|Any CPU.Build.0 = Release|Any CPU
	EndGlobalSection
	GlobalSection(SolutionProperties) = preSolution
		HideSolutionNode = FALSE
	EndGlobalSection
	GlobalSection(ExtensibilityGlobals) = postSolution
		SolutionGuid = {90A2014B-AFA7-4BC6-ADBE-B332D4355832}
	EndGlobalSection
EndGlobal
